# @generated - this file is auto-generated by `mise lock` https://mise.en.dev/dev-tools/mise-lock.html

[[tools.python]]
version = "3.12.7"
backend = "core:python"

[tools.python."platforms.linux-arm64"]
checksum = "sha256:c8f5ed70ee3c19da72d117f7b306adc6ca1eaf26afcbe1cc1be57d1e18df184c"
url = "https://github.com/astral-sh/python-build-standalone/releases/download/20241016/cpython-3.12.7+20241016-aarch64-unknown-linux-gnu-install_only_stripped.tar.gz"
provenance = "github-attestations"

[tools.python."platforms.linux-x64"]
checksum = "sha256:3a4d53a7ba3916c0c1f35cbbe57068e2571b138389f29cf5c35367fec8f4c617"
url = "https://github.com/astral-sh/python-build-standalone/releases/download/20241016/cpython-3.12.7+20241016-x86_64-unknown-linux-gnu-install_only_stripped.tar.gz"
provenance = "github-attestations"

[tools.python."platforms.linux-x64-musl"]
checksum = "sha256:9314cb4d5aa525f2dc9f8d6ac204bebcfdfa8eb0dd4d3788af68769184355484"
url = "https://github.com/astral-sh/python-build-standalone/releases/download/20241016/cpython-3.12.7+20241016-x86_64-unknown-linux-musl-install_only_stripped.tar.gz"
provenance = "github-attestations"

[tools.python."platforms.macos-arm64"]
checksum = "sha256:95dd397e3aef4cc1846867cf20be704bdd74edd16ea8032caf01e48f0c53d65d"
url = "https://github.com/astral-sh/python-build-standalone/releases/download/20241016/cpython-3.12.7+20241016-aarch64-apple-darwin-install_only_stripped.tar.gz"
provenance = "github-attestations"

[tools.python."platforms.macos-x64"]
checksum = "sha256:848405b92bda20fad1f9bba99234c7d3f11e0b31e46f89835d1cb3d735e932aa"
url = "https://github.com/astral-sh/python-build-standalone/releases/download/20241016/cpython-3.12.7+20241016-x86_64-apple-darwin-install_only_stripped.tar.gz"
provenance = "github-attestations"

[tools.python."platforms.windows-x64"]
checksum = "sha256:fa8ac308a7cd1774d599ad9a29f1e374fbdc11453b12a8c50cc4afdb5c4bfd1a"
url = "https://github.com/astral-sh/python-build-standalone/releases/download/20241016/cpython-3.12.7+20241016-x86_64-pc-windows-msvc-install_only_stripped.tar.gz"
provenance = "github-attestations"

[[tools.uv]]
version = "0.11.15"
backend = "aqua:astral-sh/uv"

[tools.uv."platforms.linux-arm64"]
checksum = "sha256:6505075cec3f551fad4fe9026922967ff9c895c9f513c97682b24e7a1c9becd3"
url = "https://github.com/astral-sh/uv/releases/download/0.11.15/uv-aarch64-unknown-linux-musl.tar.gz"
provenance = "github-attestations"

[tools.uv."platforms.linux-x64"]
checksum = "sha256:200ccf2f351849c5d6698714e7e7eb9ead1e8c097dbdbb43730e1a4e059ceb87"
url = "https://github.com/astral-sh/uv/releases/download/0.11.15/uv-x86_64-unknown-linux-musl.tar.gz"
provenance = "github-attestations"

[tools.uv."platforms.linux-x64-musl"]
checksum = "sha256:200ccf2f351849c5d6698714e7e7eb9ead1e8c097dbdbb43730e1a4e059ceb87"
url = "https://github.com/astral-sh/uv/releases/download/0.11.15/uv-x86_64-unknown-linux-musl.tar.gz"
provenance = "github-attestations"

[tools.uv."platforms.macos-arm64"]
checksum = "sha256:7e5b336108f8576eda1939920ca0a805b4a9a3c3d3eb2f6140e38b7092fbe4f3"
url = "https://github.com/astral-sh/uv/releases/download/0.11.15/uv-aarch64-apple-darwin.tar.gz"
provenance = "github-attestations"

[tools.uv."platforms.macos-x64"]
checksum = "sha256:42bca7cc879d117ed7139a0e26de8cab0b6f033ad439a32144f324d1f8580d8c"
url = "https://github.com/astral-sh/uv/releases/download/0.11.15/uv-x86_64-apple-darwin.tar.gz"
provenance = "github-attestations"

[tools.uv."platforms.windows-x64"]
checksum = "sha256:04b98d414a9000e25e5e0e7c9f53749e66b790cdaffc582829e6f58c544ee11c"
url = "https://github.com/astral-sh/uv/releases/download/0.11.15/uv-x86_64-pc-windows-msvc.zip"
provenance = "github-attestations"
